
Microsoft Visual Studio Solution File, Format Version 12.00
# Visual Studio 15
VisualStudioVersion = 15.0.28307.779
MinimumVisualStudioVersion = 10.0.40219.1
Project("{888888A0-9F3D-457C-B088-3A5042F75D52}") = "BasicProject", "BasicProject\BasicProject.pyproj", "{7FA2BAA6-A993-480D-9F91-A1A576D7FDFD}"
EndProject
Project("{888888A0-9F3D-457C-B088-3A5042F75D52}") = "DjangoWeb", "DjangoWeb\DjangoWeb.pyproj", "{F66DE5BF-EB2C-469C-A94A-C6AA9999FF2A}"
EndProject
Global
	GlobalSection(SolutionConfigurationPlatforms) = preSolution
		Debug|Any CPU = Debug|Any CPU
		Release|Any CPU = Release|Any CPU
	EndGlobalSection
	GlobalSection(ProjectConfigurationPlatforms) = postSolution
		{7FA2BAA6-A993-480D-9F91-A1A576D7FDFD}.Debug|Any CPU.ActiveCfg = Debug|Any CPU
		{7FA2BAA6-A993-480D-9F91-A1A576D7FDFD}.Debug|Any CPU.Build.0 = Debug|Any CPU
		{7FA2BAA6-A993-480D-9F91-A1A576D7FDFD}.Release|Any CPU.ActiveCfg = Release|Any CPU
		{7FA2BAA6-A993-480D-9F91-A1A576D7FDFD}.Release|Any CPU.Build.0 = Release|Any CPU
		{F66DE5BF-EB2C-469C-A94A-C6AA9999FF2A}.Debug|Any CPU.ActiveCfg = Debug|Any CPU
		{F66DE5BF-EB2C-469C-A94A-C6AA9999FF2A}.Debug|Any CPU.Build.0 = Debug|Any CPU
		{F66DE5BF-EB2C-469C-A94A-C6AA9999FF2A}.Release|Any CPU.ActiveCfg = Release|Any CPU
		{F66DE5BF-EB2C-469C-A94A-C6AA9999FF2A}.Release|Any CPU.Build.0 = Release|Any CPU
	EndGlobalSection
	GlobalSection(SolutionProperties) = preSolution
		HideSolutionNode = FALSE
	EndGlobalSection
	GlobalSection(ExtensibilityGlobals) = postSolution
		SolutionGuid = {B6A9FB83-4BEE-4952-B0EB-507D77FA1FAE}
	EndGlobalSection
EndGlobal
